
Microsoft Visual Studio Solution File, Format Version 12.00
# Visual Studio 15
Project("{FAE04EC0-301F-11D3-BF4B-00C04F79EFBC}") = "Assembly-CSharp", "Assembly-CSharp.csproj", "{346F164B-B126-066D-D36C-56932F7B8A30}"
EndProject
Project("{FAE04EC0-301F-11D3-BF4B-00C04F79EFBC}") = "Assembly-CSharp-Editor-firstpass", "Assembly-CSharp-Editor-firstpass.csproj", "{89CF4BED-24C0-11E8-1263-5BE3542EF70C}"
EndProject
Global
	GlobalSection(SolutionConfigurationPlatforms) = preSolution
		Debug|Any CPU = Debug|Any CPU
		Release|Any CPU = Release|Any CPU
	EndGlobalSection
	GlobalSection(ProjectConfigurationPlatforms) = postSolution
		{346F164B-B126-066D-D36C-56932F7B8A30}.Debug|Any CPU.ActiveCfg = Debug|Any CPU
		{346F164B-B126-066D-D36C-56932F7B8A30}.Debug|Any CPU.Build.0 = Debug|Any CPU
		{346F164B-B126-066D-D36C-56932F7B8A30}.Release|Any CPU.ActiveCfg = Release|Any CPU
		{346F164B-B126-066D-D36C-56932F7B8A30}.Release|Any CPU.Build.0 = Release|Any CPU
		{89CF4BED-24C0-11E8-1263-5BE3542EF70C}.Debug|Any CPU.ActiveCfg = Debug|Any CPU
		{89CF4BED-24C0-11E8-1263-5BE3542EF70C}.Debug|Any CPU.Build.0 = Debug|Any CPU
		{89CF4BED-24C0-11E8-1263-5BE3542EF70C}.Release|Any CPU.ActiveCfg = Release|Any CPU
		{89CF4BED-24C0-11E8-1263-5BE3542EF70C}.Release|Any CPU.Build.0 = Release|Any CPU
	EndGlobalSection
	GlobalSection(SolutionProperties) = preSolution
		HideSolutionNode = FALSE
	EndGlobalSection
EndGlobal
